
Microsoft Visual Studio Solution File, Format Version 12.00
# Visual Studio 15
VisualStudioVersion = 15.0.28307.779
MinimumVisualStudioVersion = 10.0.40219.1
Project("{FAE04EC0-301F-11D3-BF4B-00C04F79EFBC}") = "Github", "Github\Github.csproj", "{1EA5CC62-D189-49DD-82B4-5AC0C1ACB317}"
EndProject
Global
	GlobalSection(SolutionConfigurationPlatforms) = preSolution
		Debug|Any CPU = Debug|Any CPU
		Release|Any CPU = Release|Any CPU
	EndGlobalSection
	GlobalSection(ProjectConfigurationPlatforms) = postSolution
		{1EA5CC62-D189-49DD-82B4-5AC0C1ACB317}.Debug|Any CPU.ActiveCfg = Debug|Any CPU
		{1EA5CC62-D189-49DD-82B4-5AC0C1ACB317}.Debug|Any CPU.Build.0 = Debug|Any CPU
		{1EA5CC62-D189-49DD-82B4-5AC0C1ACB317}.Release|Any CPU.ActiveCfg = Release|Any CPU
		{1EA5CC62-D189-49DD-82B4-5AC0C1ACB317}.Release|Any CPU.Build.0 = Release|Any CPU
	EndGlobalSection
	GlobalSection(SolutionProperties) = preSolution
		HideSolutionNode = FALSE
	EndGlobalSection
	GlobalSection(ExtensibilityGlobals) = postSolution
		SolutionGuid = {E68FE310-404A-4B30-BE89-60EACABFBB85}
	EndGlobalSection
EndGlobal
